PODS:
  - Flutter (1.0.0)
  - melior_slider (0.0.1):
    - Flutter

DEPENDENCIES:
  - Flutter (from `Flutter`)
  - melior_slider (from `.symlinks/plugins/melior_slider/ios`)

EXTERNAL SOURCES:
  Flutter:
    :path: Flutter
  melior_slider:
    :path: ".symlinks/plugins/melior_slider/ios"

SPEC CHECKSUMS:
  Flutter: f04841e97a9d0b0a8025694d0796dd46242b2854
  melior_slider: 3af6adbe263a93c57a60b0479eabbdf4b2ab40de

PODFILE CHECKSUM: ef19549a9bc3046e7bb7d2fab4d021637c0c58a3

COCOAPODS: 1.11.3
